
Microsoft Visual Studio Solution File, Format Version 12.00
# Visual Studio 2012
Project("{FAE04EC0-301F-11D3-BF4B-00C04F79EFBC}") = "text stats", "text stats.csproj", "{8C9D3182-4B91-46A8-BBEE-1A3312B115FA}"
EndProject
Global
	GlobalSection(SolutionConfigurationPlatforms) = preSolution
		Debug|Any CPU = Debug|Any CPU
		Release|Any CPU = Release|Any CPU
	EndGlobalSection
	GlobalSection(ProjectConfigurationPlatforms) = postSolution
		{8C9D3182-4B91-46A8-BBEE-1A3312B115FA}.Debug|Any CPU.ActiveCfg = Debug|Any CPU
		{8C9D3182-4B91-46A8-BBEE-1A3312B115FA}.Debug|Any CPU.Build.0 = Debug|Any CPU
		{8C9D3182-4B91-46A8-BBEE-1A3312B115FA}.Release|Any CPU.ActiveCfg = Release|Any CPU
		{8C9D3182-4B91-46A8-BBEE-1A3312B115FA}.Release|Any CPU.Build.0 = Release|Any CPU
	EndGlobalSection
	GlobalSection(SolutionProperties) = preSolution
		HideSolutionNode = FALSE
	EndGlobalSection
EndGlobal
